
Microsoft Visual Studio Solution File, Format Version 12.00
# Visual Studio Version 17
VisualStudioVersion = 17.6.33815.320
MinimumVisualStudioVersion = 10.0.40219.1
Project("{9A19103F-16F7-4668-BE54-9A1E7A4F7556}") = "TesteCliente", "TesteCliente\TesteCliente.csproj", "{C2096A37-E3D0-4931-89B0-610E8EAB4944}"
EndProject
Project("{9A19103F-16F7-4668-BE54-9A1E7A4F7556}") = "TesteCliente.Core", "TesteCliente.Core\TesteCliente.Core.csproj", "{88F93959-C5E3-4709-977B-10BB4109065C}"
EndProject
Project("{9A19103F-16F7-4668-BE54-9A1E7A4F7556}") = "TesteCliente.Persistencia", "TesteCliente.Persistencia\TesteCliente.Persistencia.csproj", "{73AA9D4C-EBFF-435D-95C8-57E3A74236A2}"
EndProject
Project("{E53339B2-1760-4266-BCC7-CA923CBCF16C}") = "docker-compose", "docker-compose.dcproj", "{E56102A2-D3BC-44ED-A462-12CC3DD31E1B}"
EndProject
Project("{FAE04EC0-301F-11D3-BF4B-00C04F79EFBC}") = "TesteCliente.Teste", "..\TesteCliente.Teste\TesteCliente.Teste.csproj", "{BED74F6E-8D5F-4C3E-903A-68383A44C733}"
EndProject
Global
	GlobalSection(SolutionConfigurationPlatforms) = preSolution
		Debug|Any CPU = Debug|Any CPU
		Release|Any CPU = Release|Any CPU
	EndGlobalSection
	GlobalSection(ProjectConfigurationPlatforms) = postSolution
		{C2096A37-E3D0-4931-89B0-610E8EAB4944}.Debug|Any CPU.ActiveCfg = Debug|Any CPU
		{C2096A37-E3D0-4931-89B0-610E8EAB4944}.Debug|Any CPU.Build.0 = Debug|Any CPU
		{C2096A37-E3D0-4931-89B0-610E8EAB4944}.Release|Any CPU.ActiveCfg = Release|Any CPU
		{C2096A37-E3D0-4931-89B0-610E8EAB4944}.Release|Any CPU.Build.0 = Release|Any CPU
		{88F93959-C5E3-4709-977B-10BB4109065C}.Debug|Any CPU.ActiveCfg = Debug|Any CPU
		{88F93959-C5E3-4709-977B-10BB4109065C}.Debug|Any CPU.Build.0 = Debug|Any CPU
		{88F93959-C5E3-4709-977B-10BB4109065C}.Release|Any CPU.ActiveCfg = Release|Any CPU
		{88F93959-C5E3-4709-977B-10BB4109065C}.Release|Any CPU.Build.0 = Release|Any CPU
		{73AA9D4C-EBFF-435D-95C8-57E3A74236A2}.Debug|Any CPU.ActiveCfg = Debug|Any CPU
		{73AA9D4C-EBFF-435D-95C8-57E3A74236A2}.Debug|Any CPU.Build.0 = Debug|Any CPU
		{73AA9D4C-EBFF-435D-95C8-57E3A74236A2}.Release|Any CPU.ActiveCfg = Release|Any CPU
		{73AA9D4C-EBFF-435D-95C8-57E3A74236A2}.Release|Any CPU.Build.0 = Release|Any CPU
		{E56102A2-D3BC-44ED-A462-12CC3DD31E1B}.Debug|Any CPU.ActiveCfg = Debug|Any CPU
		{E56102A2-D3BC-44ED-A462-12CC3DD31E1B}.Debug|Any CPU.Build.0 = Debug|Any CPU
		{E56102A2-D3BC-44ED-A462-12CC3DD31E1B}.Release|Any CPU.ActiveCfg = Release|Any CPU
		{E56102A2-D3BC-44ED-A462-12CC3DD31E1B}.Release|Any CPU.Build.0 = Release|Any CPU
		{BED74F6E-8D5F-4C3E-903A-68383A44C733}.Debug|Any CPU.ActiveCfg = Debug|Any CPU
		{BED74F6E-8D5F-4C3E-903A-68383A44C733}.Debug|Any CPU.Build.0 = Debug|Any CPU
		{BED74F6E-8D5F-4C3E-903A-68383A44C733}.Release|Any CPU.ActiveCfg = Release|Any CPU
		{BED74F6E-8D5F-4C3E-903A-68383A44C733}.Release|Any CPU.Build.0 = Release|Any CPU
	EndGlobalSection
	GlobalSection(SolutionProperties) = preSolution
		HideSolutionNode = FALSE
	EndGlobalSection
	GlobalSection(ExtensibilityGlobals) = postSolution
		SolutionGuid = {FEAE1F0C-4CDB-4536-BB03-389E464B9F2D}
	EndGlobalSection
EndGlobal
